
Microsoft Visual Studio Solution File, Format Version 11.00
# Visual Studio 2010
Project("{FAE04EC0-301F-11D3-BF4B-00C04F79EFBC}") = "TallerVertical", "Assembly-CSharp.csproj", "{DA24F2E1-6492-1B71-92C5-468EC4DA318A}"
EndProject
Project("{FAE04EC0-301F-11D3-BF4B-00C04F79EFBC}") = "TallerVertical", "Assembly-CSharp-Editor.csproj", "{8900102D-E78B-F89F-CDE5-8EC43A3F3F9B}"
EndProject
Global
	GlobalSection(SolutionConfigurationPlatforms) = preSolution
		Debug|Any CPU = Debug|Any CPU
		Release|Any CPU = Release|Any CPU
	EndGlobalSection
	GlobalSection(ProjectConfigurationPlatforms) = postSolution
		{DA24F2E1-6492-1B71-92C5-468EC4DA318A}.Debug|Any CPU.ActiveCfg = Debug|Any CPU
		{DA24F2E1-6492-1B71-92C5-468EC4DA318A}.Debug|Any CPU.Build.0 = Debug|Any CPU
		{DA24F2E1-6492-1B71-92C5-468EC4DA318A}.Release|Any CPU.ActiveCfg = Release|Any CPU
		{DA24F2E1-6492-1B71-92C5-468EC4DA318A}.Release|Any CPU.Build.0 = Release|Any CPU
		{8900102D-E78B-F89F-CDE5-8EC43A3F3F9B}.Debug|Any CPU.ActiveCfg = Debug|Any CPU
		{8900102D-E78B-F89F-CDE5-8EC43A3F3F9B}.Debug|Any CPU.Build.0 = Debug|Any CPU
		{8900102D-E78B-F89F-CDE5-8EC43A3F3F9B}.Release|Any CPU.ActiveCfg = Release|Any CPU
		{8900102D-E78B-F89F-CDE5-8EC43A3F3F9B}.Release|Any CPU.Build.0 = Release|Any CPU
	EndGlobalSection
	GlobalSection(SolutionProperties) = preSolution
		HideSolutionNode = FALSE
	EndGlobalSection
	GlobalSection(MonoDevelopProperties) = preSolution
		StartupItem = Assembly-CSharp.csproj
	EndGlobalSection
EndGlobal
